<?xml version="1.0" encoding="utf-8"?>
<Project ToolsVersion="4.0" xmlns="http://schemas.microsoft.com/developer/msbuild/2003">
  <ItemGroup>
    <Filter Include="Source Files">
      <UniqueIdentifier>{4FC737F1-C7A5-4376-A066-2A32D752A2FF}</UniqueIdentifier>
      <Extensions>cpp;c;cc;cxx;c++;cppm;ixx;def;odl;idl;hpj;bat;asm;asmx</Extensions>
    </Filter>
    <Filter Include="Header Files">
      <UniqueIdentifier>{93995380-89BD-4b04-88EB-625FBE52EBFB}</UniqueIdentifier>
      <Extensions>h;hh;hpp;hxx;h++;hm;inl;inc;ipp;xsd</Extensions>
    </Filter>
    <Filter Include="Resource Files">
      <UniqueIdentifier>{67DA6AB6-F800-4c08-8B7A-83BB121AAD01}</UniqueIdentifier>
      <Extensions>rc;ico;cur;bmp;dlg;rc2;rct;bin;rgs;gif;jpg;jpeg;jpe;resx;tiff;tif;png;wav;mfcribbon-ms</Extensions>
    </Filter>
    <Filter Include="Header Files\imgui">
      <UniqueIdentifier>{11aae681-e4a0-4c4b-8c1b-c947944bfe4d}</UniqueIdentifier>
    </Filter>
    <Filter Include="Header Files\imguiSkins">
      <UniqueIdentifier>{af720d0b-cb2a-49e0-bbb1-eee0891e5a0f}</UniqueIdentifier>
    </Filter>
    <Filter Include="Header Files\GreyModel3D">
      <UniqueIdentifier>{14a03146-0981-4f1c-90b1-7f12480347ce}</UniqueIdentifier>
    </Filter>
    <Filter Include="Header Files\stb_image">
      <UniqueIdentifier>{0abd110c-c8c7-4a4d-b3fb-5709e373bcb5}</UniqueIdentifier>
    </Filter>
    <Filter Include="Source Files\imgui">
      <UniqueIdentifier>{e2f64881-8cd0-4145-913d-b87d442e74f6}</UniqueIdentifier>
    </Filter>
  </ItemGroup>
  <ItemGroup>
    <ClCompile Include="Application.cpp">
      <Filter>Source Files</Filter>
    </ClCompile>
    <ClCompile Include="Dependencies\imgui\imgui_widgets.cpp">
      <Filter>Source Files\imgui</Filter>
    </ClCompile>
    <ClCompile Include="Dependencies\imgui\imgui.cpp">
      <Filter>Source Files\imgui</Filter>
    </ClCompile>
    <ClCompile Include="Dependencies\imgui\imgui_demo.cpp">
      <Filter>Source Files\imgui</Filter>
    </ClCompile>
    <ClCompile Include="Dependencies\imgui\imgui_draw.cpp">
      <Filter>Source Files\imgui</Filter>
    </ClCompile>
    <ClCompile Include="Dependencies\imgui\imgui_impl_glfw.cpp">
      <Filter>Source Files\imgui</Filter>
    </ClCompile>
    <ClCompile Include="Dependencies\imgui\imgui_impl_opengl3.cpp">
      <Filter>Source Files\imgui</Filter>
    </ClCompile>
    <ClCompile Include="Dependencies\imgui\imgui_tables.cpp">
      <Filter>Source Files\imgui</Filter>
    </ClCompile>
  </ItemGroup>
  <ItemGroup>
    <None Include="Shaders\BasicFragment.shader">
      <Filter>Resource Files</Filter>
    </None>
    <None Include="Shaders\BasicVertex.shader">
      <Filter>Resource Files</Filter>
    </None>
  </ItemGroup>
  <ItemGroup>
    <ClInclude Include="imgui\imstb_textedit.h">
      <Filter>Header Files\imgui</Filter>
    </ClInclude>
    <ClInclude Include="imgui\imstb_truetype.h">
      <Filter>Header Files\imgui</Filter>
    </ClInclude>
    <ClInclude Include="imgui\imconfig.h">
      <Filter>Header Files\imgui</Filter>
    </ClInclude>
    <ClInclude Include="imgui\imgui.h">
      <Filter>Header Files\imgui</Filter>
    </ClInclude>
    <ClInclude Include="imgui\imgui_impl_glfw.h">
      <Filter>Header Files\imgui</Filter>
    </ClInclude>
    <ClInclude Include="imgui\imgui_impl_opengl3.h">
      <Filter>Header Files\imgui</Filter>
    </ClInclude>
    <ClInclude Include="imgui\imgui_internal.h">
      <Filter>Header Files\imgui</Filter>
    </ClInclude>
    <ClInclude Include="imgui\imstb_rectpack.h">
      <Filter>Header Files\imgui</Filter>
    </ClInclude>
    <ClInclude Include="imguiSkins\1.h">
      <Filter>Header Files\imguiSkins</Filter>
    </ClInclude>
    <ClInclude Include="GreyModel3D\Mesh.hpp">
      <Filter>Header Files\GreyModel3D</Filter>
    </ClInclude>
    <ClInclude Include="GreyModel3D\Renderer.hpp">
      <Filter>Header Files\GreyModel3D</Filter>
    </ClInclude>
    <ClInclude Include="Object.h">
      <Filter>Header Files\GreyModel3D</Filter>
    </ClInclude>
    <ClInclude Include="stb_image\stb_image.h">
      <Filter>Header Files\stb_image</Filter>
    </ClInclude>
    <ClInclude Include="GreyModel3D\DebugLog.hpp">
      <Filter>Header Files\GreyModel3D</Filter>
    </ClInclude>
    <ClInclude Include="GreyModel3D\Components\Texture.hpp">
      <Filter>Header Files</Filter>
    </ClInclude>
    <ClInclude Include="GreyModel3D\Shader.hpp">
      <Filter>Header Files</Filter>
    </ClInclude>
    <ClInclude Include="src\Engine\Components\Mirror.hpp">
      <Filter>Header Files</Filter>
    </ClInclude>
    <ClInclude Include="src\GreyEngine.cpp">
      <Filter>Header Files</Filter>
    </ClInclude>
  </ItemGroup>
</Project>